
Microsoft Visual Studio Solution File, Format Version 12.00
# Visual Studio Version 16
VisualStudioVersion = 16.0.29209.62
MinimumVisualStudioVersion = 10.0.40219.1
Project("{9A19103F-16F7-4668-BE54-9A1E7A4F7556}") = "ITI.UnsafeCollection", "..\ITI.UnsafeCollection\ITI.UnsafeCollection.csproj", "{027CBDAB-F15B-40DE-8188-515823275A64}"
EndProject
Project("{9A19103F-16F7-4668-BE54-9A1E7A4F7556}") = "ITI.UnsafeCollection.Tests", "..\ITI.UnsafeCollection.Tests\ITI.UnsafeCollection.Tests.csproj", "{A0FD75A5-1EE9-413A-8F0E-227D2823F06E}"
EndProject
Project("{FAE04EC0-301F-11D3-BF4B-00C04F79EFBC}") = "ITI.UnsafeCollection.Correction", "ITI.UnsafeCollection.Correction\ITI.UnsafeCollection.Correction.csproj", "{3D09625B-436F-44F0-B65A-60DECB559E0F}"
EndProject
Global
	GlobalSection(SolutionConfigurationPlatforms) = preSolution
		Debug|Any CPU = Debug|Any CPU
		Release|Any CPU = Release|Any CPU
	EndGlobalSection
	GlobalSection(ProjectConfigurationPlatforms) = postSolution
		{027CBDAB-F15B-40DE-8188-515823275A64}.Debug|Any CPU.ActiveCfg = Debug|Any CPU
		{027CBDAB-F15B-40DE-8188-515823275A64}.Debug|Any CPU.Build.0 = Debug|Any CPU
		{027CBDAB-F15B-40DE-8188-515823275A64}.Release|Any CPU.ActiveCfg = Release|Any CPU
		{027CBDAB-F15B-40DE-8188-515823275A64}.Release|Any CPU.Build.0 = Release|Any CPU
		{A0FD75A5-1EE9-413A-8F0E-227D2823F06E}.Debug|Any CPU.ActiveCfg = Debug|Any CPU
		{A0FD75A5-1EE9-413A-8F0E-227D2823F06E}.Debug|Any CPU.Build.0 = Debug|Any CPU
		{A0FD75A5-1EE9-413A-8F0E-227D2823F06E}.Release|Any CPU.ActiveCfg = Release|Any CPU
		{A0FD75A5-1EE9-413A-8F0E-227D2823F06E}.Release|Any CPU.Build.0 = Release|Any CPU
		{3D09625B-436F-44F0-B65A-60DECB559E0F}.Debug|Any CPU.ActiveCfg = Debug|Any CPU
		{3D09625B-436F-44F0-B65A-60DECB559E0F}.Debug|Any CPU.Build.0 = Debug|Any CPU
		{3D09625B-436F-44F0-B65A-60DECB559E0F}.Release|Any CPU.ActiveCfg = Release|Any CPU
		{3D09625B-436F-44F0-B65A-60DECB559E0F}.Release|Any CPU.Build.0 = Release|Any CPU
	EndGlobalSection
	GlobalSection(SolutionProperties) = preSolution
		HideSolutionNode = FALSE
	EndGlobalSection
	GlobalSection(ExtensibilityGlobals) = postSolution
		SolutionGuid = {71C8E5F4-10AF-46A1-8B87-8BACA4E5580C}
	EndGlobalSection
EndGlobal
